{
  "name": "amazon",
  "version": "1.0.0",
  "lockfileVersion": 3,
  "requires": true,
  "packages": {
    "": {
      "name": "amazon",
      "version": "1.0.0",
      "license": "ISC",
      "dependencies": {
        "crawlbase": "^1.0.2"
      }
    },
    "node_modules/crawlbase": {
      "version": "1.0.2",
      "resolved": "https://registry.npmjs.org/crawlbase/-/crawlbase-1.0.2.tgz",
      "integrity": "sha512-1R3BAciKP2zEqny2kgsSE02qCmlUmUKByNf4PHa8O4YLqWq6TZMgrkRW5iWX4tOevXdPfiuup0LxsfzomtvJfw=="
    }
  }
}
